PODS:
  - Flutter (1.0.0)
  - flutter_face (0.0.1):
    - Flutter

DEPENDENCIES:
  - Flutter (from `Flutter`)
  - flutter_face (from `.symlinks/plugins/flutter_face/ios`)

EXTERNAL SOURCES:
  Flutter:
    :path: Flutter
  flutter_face:
    :path: ".symlinks/plugins/flutter_face/ios"

SPEC CHECKSUMS:
  Flutter: 50d75fe2f02b26cc09d224853bb45737f8b3214a
  flutter_face: 560a8ebc8c04af827703180c9651e668c44613d9

PODFILE CHECKSUM: 8e679eca47255a8ca8067c4c67aab20e64cb974d

COCOAPODS: 1.11.2
